{
  "name": "be-alit",
  "version": "0.0.6",
  "lockfileVersion": 3,
  "requires": true,
  "packages": {
    "": {
      "name": "be-alit",
      "version": "0.0.6",
      "license": "MIT",
      "dependencies": {
        "be-render-neutral": "0.0.8",
        "lit-html": "3.3.1"
      },
      "devDependencies": {
        "@playwright/test": "1.55.0",
        "be-kvetching": "0.0.4",
        "spa-ssi": "0.0.10"
      }
    },
    "node_modules/@playwright/test": {
      "version": "1.55.0",
      "resolved": "https://registry.npmjs.org/@playwright/test/-/test-1.55.0.tgz",
      "integrity": "sha512-04IXzPwHrW69XusN/SIdDdKZBzMfOT9UNT/YiJit/xpy2VuAoB8NHc8Aplb96zsWDddLnbkPL3TsmrS04ZU2xQ==",
      "dev": true,
      "license": "Apache-2.0",
      "dependencies": {
        "playwright": "1.55.0"
      },
      "bin": {
        "playwright": "cli.js"
      },
      "engines": {
        "node": ">=18"
      }
    },
    "node_modules/@types/trusted-types": {
      "version": "2.0.7",
      "resolved": "https://registry.npmjs.org/@types/trusted-types/-/trusted-types-2.0.7.tgz",
      "integrity": "sha512-ScaPdn1dQczgbl0QFTeTOmVHFULt394XJgOQNoyVhZ6r2vLnMLJfBPd53SB52T/3G36VI1/g2MZaX0cwDuXsfw=="
    },
    "node_modules/be-enhanced": {
      "version": "0.0.188",
      "resolved": "https://registry.npmjs.org/be-enhanced/-/be-enhanced-0.0.188.tgz",
      "integrity": "sha512-SLi3+JCGxh3bVK4f4c5TxBaPyRtmDjcN0OICXSPXsgLh93FfBwFYwNDgGNSYgBncUYCGcEwUGN11+QyPnIRYEg==",
      "license": "MIT",
      "dependencies": {
        "trans-render": "0.0.958"
      }
    },
    "node_modules/be-hive": {
      "version": "0.0.266",
      "resolved": "https://registry.npmjs.org/be-hive/-/be-hive-0.0.266.tgz",
      "integrity": "sha512-LVlmW4KJrYghpF2cxHEZl+QjGBkM3ZQlXUsOoKhnI4ExpDLJHWW7uwXyjpT0OYDeqTzaMvoJAD5YS0mXxXjpRA==",
      "license": "MIT",
      "dependencies": {
        "be-enhanced": "0.0.188",
        "mount-observer": "0.0.102",
        "trans-render": "0.0.958"
      }
    },
    "node_modules/be-hive/node_modules/mount-observer": {
      "version": "0.0.102",
      "resolved": "https://registry.npmjs.org/mount-observer/-/mount-observer-0.0.102.tgz",
      "integrity": "sha512-nq10psatsKhYwe5Ps8shSmMwMxlpQCMQbOVVtCPWLDOgwtFnUwFmey8N0XpGck3wC6M0Q8INlF/Wl2zFD0y0tg==",
      "license": "MIT"
    },
    "node_modules/be-kvetching": {
      "version": "0.0.4",
      "resolved": "https://registry.npmjs.org/be-kvetching/-/be-kvetching-0.0.4.tgz",
      "integrity": "sha512-4/GxfNkO9Tz/Xo8uRoFBuh66OrJ8mjDxbMpEJGYHKVioUXhWp9Zr5g0DBPaT24g+UlOgxIgGhswOXGIGRSwGCQ==",
      "dev": true,
      "license": "MIT",
      "dependencies": {
        "be-enhanced": "0.0.147",
        "be-hive": "0.0.227",
        "k-fetch": "0.0.12",
        "trans-render": "0.0.848"
      }
    },
    "node_modules/be-kvetching/node_modules/be-enhanced": {
      "version": "0.0.147",
      "resolved": "https://registry.npmjs.org/be-enhanced/-/be-enhanced-0.0.147.tgz",
      "integrity": "sha512-Os96I30E5VXZ5awMTzti4OnBRHwRJbSXwCTImBNGKaMJBQRppnwccSIMXjun8y0XB+XZ0fJkBGhGnEHAkdobQA==",
      "dev": true,
      "license": "MIT",
      "dependencies": {
        "trans-render": "0.0.848"
      }
    },
    "node_modules/be-kvetching/node_modules/be-hive": {
      "version": "0.0.227",
      "resolved": "https://registry.npmjs.org/be-hive/-/be-hive-0.0.227.tgz",
      "integrity": "sha512-oTuHNi8GYf2jMUMOQ07SNNfuoQCDeiUxiUGj5WbaZPFqKP8htxttNxEI488W6D/Sj652YluoSLgZB+ac95FkMA==",
      "dev": true,
      "license": "MIT",
      "dependencies": {
        "be-enhanced": "0.0.147",
        "mount-observer": "0.0.39",
        "trans-render": "0.0.848"
      }
    },
    "node_modules/be-kvetching/node_modules/trans-render": {
      "version": "0.0.848",
      "resolved": "https://registry.npmjs.org/trans-render/-/trans-render-0.0.848.tgz",
      "integrity": "sha512-CIcMTffBUC1pmy4SkLaWY2fhNDHuf6WZ3+6aNntF/pa7vc7APXYaTnYLnxrzE/zL83ROysblCKwYyHze2Lgorw==",
      "dev": true,
      "license": "MIT",
      "dependencies": {
        "mount-observer": "0.0.39"
      }
    },
    "node_modules/be-render-neutral": {
      "version": "0.0.8",
      "resolved": "https://registry.npmjs.org/be-render-neutral/-/be-render-neutral-0.0.8.tgz",
      "integrity": "sha512-kabQBi/u1Z7T9qfbdPtM1/1bWGzbdN240uIxO11T8WBNkz/NO1GhT+6hi7GtiyG2PIfow6xztoilR//JJ7L7hw==",
      "license": "MIT",
      "dependencies": {
        "be-enhanced": "0.0.188",
        "be-hive": "0.0.266",
        "mount-observer": "0.0.102",
        "trans-render": "0.0.958"
      }
    },
    "node_modules/be-render-neutral/node_modules/mount-observer": {
      "version": "0.0.102",
      "resolved": "https://registry.npmjs.org/mount-observer/-/mount-observer-0.0.102.tgz",
      "integrity": "sha512-nq10psatsKhYwe5Ps8shSmMwMxlpQCMQbOVVtCPWLDOgwtFnUwFmey8N0XpGck3wC6M0Q8INlF/Wl2zFD0y0tg==",
      "license": "MIT"
    },
    "node_modules/fsevents": {
      "version": "2.3.2",
      "resolved": "https://registry.npmjs.org/fsevents/-/fsevents-2.3.2.tgz",
      "integrity": "sha512-xiqMQR4xAeHTuB9uWm+fFRcIOgKBMiOBP+eXiyT7jsgVCq1bkVygt00oASowB7EdtpOHaaPgKt812P9ab+DDKA==",
      "dev": true,
      "hasInstallScript": true,
      "license": "MIT",
      "optional": true,
      "os": [
        "darwin"
      ],
      "engines": {
        "node": "^8.16.0 || ^10.6.0 || >=11.0.0"
      }
    },
    "node_modules/k-fetch": {
      "version": "0.0.12",
      "resolved": "https://registry.npmjs.org/k-fetch/-/k-fetch-0.0.12.tgz",
      "integrity": "sha512-2FF7gvPFyM1RqrpER2vvWf1GsIvwQ1ykSkEQ7T+MaZxqlqR9JlFU+K8MrR9gnT0cFCpzZ7zr1A6BVAZCgJK/FA==",
      "dev": true,
      "license": "MIT",
      "dependencies": {
        "trans-render": "0.0.743"
      }
    },
    "node_modules/k-fetch/node_modules/mount-observer": {
      "version": "0.0.11",
      "resolved": "https://registry.npmjs.org/mount-observer/-/mount-observer-0.0.11.tgz",
      "integrity": "sha512-GjgfTZqqarr6PF6Y42LH4wpvuOb+jZqJnKZLlmPmIMEVsIHas6yALCXLcpfL38AuV2bAk6+LAd+nMtUr0CDjzQ==",
      "dev": true,
      "license": "MIT"
    },
    "node_modules/k-fetch/node_modules/trans-render": {
      "version": "0.0.743",
      "resolved": "https://registry.npmjs.org/trans-render/-/trans-render-0.0.743.tgz",
      "integrity": "sha512-XyYNhy/NHO8tk2CyEVQZABt12ECFFttpCA33RMIuTo25yqXAT4ytwjcdAybkUHml+CarCgjIrCV5DoistlAZSw==",
      "dev": true,
      "license": "MIT",
      "dependencies": {
        "mount-observer": "0.0.11"
      }
    },
    "node_modules/lit-html": {
      "version": "3.3.1",
      "resolved": "https://registry.npmjs.org/lit-html/-/lit-html-3.3.1.tgz",
      "integrity": "sha512-S9hbyDu/vs1qNrithiNyeyv64c9yqiW9l+DBgI18fL+MTvOtWoFR0FWiyq1TxaYef5wNlpEmzlXoBlZEO+WjoA==",
      "license": "BSD-3-Clause",
      "dependencies": {
        "@types/trusted-types": "^2.0.2"
      }
    },
    "node_modules/mount-observer": {
      "version": "0.0.39",
      "resolved": "https://registry.npmjs.org/mount-observer/-/mount-observer-0.0.39.tgz",
      "integrity": "sha512-iyoMdQAE4luZfgXDf4zO6hiLd33w8tRAIdpJZVu30UAH2pwysjAqZOuPP0/fbcBUH3JBY6jVE8WlNHfc11gjNA==",
      "dev": true
    },
    "node_modules/playwright": {
      "version": "1.55.0",
      "resolved": "https://registry.npmjs.org/playwright/-/playwright-1.55.0.tgz",
      "integrity": "sha512-sdCWStblvV1YU909Xqx0DhOjPZE4/5lJsIS84IfN9dAZfcl/CIZ5O8l3o0j7hPMjDvqoTF8ZUcc+i/GL5erstA==",
      "dev": true,
      "license": "Apache-2.0",
      "dependencies": {
        "playwright-core": "1.55.0"
      },
      "bin": {
        "playwright": "cli.js"
      },
      "engines": {
        "node": ">=18"
      },
      "optionalDependencies": {
        "fsevents": "2.3.2"
      }
    },
    "node_modules/playwright-core": {
      "version": "1.55.0",
      "resolved": "https://registry.npmjs.org/playwright-core/-/playwright-core-1.55.0.tgz",
      "integrity": "sha512-GvZs4vU3U5ro2nZpeiwyb0zuFaqb9sUiAJuyrWpcGouD8y9/HLgGbNRjIph7zU9D3hnPaisMl9zG9CgFi/biIg==",
      "dev": true,
      "license": "Apache-2.0",
      "bin": {
        "playwright-core": "cli.js"
      },
      "engines": {
        "node": ">=18"
      }
    },
    "node_modules/spa-ssi": {
      "version": "0.0.10",
      "resolved": "https://registry.npmjs.org/spa-ssi/-/spa-ssi-0.0.10.tgz",
      "integrity": "sha512-ePkAnDIOBXdY/GXycjhL9zejmhBE7joAmLBdyBdpkRuVZyyiP9XU9DuQwmtgCTEMR+X0X73oD1t20AyKf+FULQ==",
      "dev": true,
      "license": "MIT"
    },
    "node_modules/trans-render": {
      "version": "0.0.958",
      "resolved": "https://registry.npmjs.org/trans-render/-/trans-render-0.0.958.tgz",
      "integrity": "sha512-OlPKCCaMcuj3gg4iUrZIyrRQ69wqsi/sEYXxbz5unyQUSb5RfDzHyLPM5Mdok+vf9pX81jAPjIxcVRXtl3WQgQ==",
      "license": "MIT",
      "dependencies": {
        "mount-observer": "0.0.102"
      }
    },
    "node_modules/trans-render/node_modules/mount-observer": {
      "version": "0.0.102",
      "resolved": "https://registry.npmjs.org/mount-observer/-/mount-observer-0.0.102.tgz",
      "integrity": "sha512-nq10psatsKhYwe5Ps8shSmMwMxlpQCMQbOVVtCPWLDOgwtFnUwFmey8N0XpGck3wC6M0Q8INlF/Wl2zFD0y0tg==",
      "license": "MIT"
    }
  }
}
